{
  "name": "reimagined-bassoon",
  "version": "1.0.0",
  "lockfileVersion": 2,
  "requires": true,
  "packages": {
    "": {
      "name": "reimagined-bassoon",
      "version": "1.0.0",
      "license": "ISC",
      "dependencies": {
        "css-doodle": "^0.25.1"
      }
    },
    "node_modules/css-doodle": {
      "version": "0.25.1",
      "resolved": "https://registry.npmjs.org/css-doodle/-/css-doodle-0.25.1.tgz",
      "integrity": "sha512-1//K/5AugUU98a1P8KOtIk3ibmsbkYUt6/XBQTlzbYmq/7JE7oh4OrHtoxpF8v/4Xs+8C9/i2V5ACohcHj+kHQ==",
      "funding": {
        "type": "opencollective",
        "url": "https://opencollective.com/css-doodle"
      }
    }
  },
  "dependencies": {
    "css-doodle": {
      "version": "0.25.1",
      "resolved": "https://registry.npmjs.org/css-doodle/-/css-doodle-0.25.1.tgz",
      "integrity": "sha512-1//K/5AugUU98a1P8KOtIk3ibmsbkYUt6/XBQTlzbYmq/7JE7oh4OrHtoxpF8v/4Xs+8C9/i2V5ACohcHj+kHQ=="
    }
  }
}
